
Microsoft Visual Studio Solution File, Format Version 12.00
# Visual Studio Version 16
VisualStudioVersion = 16.0.29009.5
MinimumVisualStudioVersion = 10.0.40219.1
Project("{9A19103F-16F7-4668-BE54-9A1E7A4F7556}") = "DyTrailer", "DyTrailer.csproj", "{0455DFE5-F266-493F-927B-62FC3010D530}"
EndProject
Global
	GlobalSection(SolutionConfigurationPlatforms) = preSolution
		Debug|Any CPU = Debug|Any CPU
		Release|Any CPU = Release|Any CPU
	EndGlobalSection
	GlobalSection(ProjectConfigurationPlatforms) = postSolution
		{0455DFE5-F266-493F-927B-62FC3010D530}.Debug|Any CPU.ActiveCfg = Debug|Any CPU
		{0455DFE5-F266-493F-927B-62FC3010D530}.Debug|Any CPU.Build.0 = Debug|Any CPU
		{0455DFE5-F266-493F-927B-62FC3010D530}.Release|Any CPU.ActiveCfg = Release|Any CPU
		{0455DFE5-F266-493F-927B-62FC3010D530}.Release|Any CPU.Build.0 = Release|Any CPU
	EndGlobalSection
	GlobalSection(SolutionProperties) = preSolution
		HideSolutionNode = FALSE
	EndGlobalSection
	GlobalSection(ExtensibilityGlobals) = postSolution
		SolutionGuid = {571EE7EA-A5BF-4BCE-BAC5-E8454A1381CB}
	EndGlobalSection
EndGlobal
